
Microsoft Visual Studio Solution File, Format Version 12.00
# Visual Studio 2013
VisualStudioVersion = 12.0.31101.0
MinimumVisualStudioVersion = 10.0.40219.1
Project("{FAE04EC0-301F-11D3-BF4B-00C04F79EFBC}") = "Codenutz.XamarinFormsLabs.Basics", "Codenutz.XamarinFormsLabs.Basics\Codenutz.XamarinFormsLabs.Basics\Codenutz.XamarinFormsLabs.Basics.csproj", "{36B8598F-7C36-4C17-97E3-542D58D9762F}"
EndProject
Project("{FAE04EC0-301F-11D3-BF4B-00C04F79EFBC}") = "Codenutz.XamarinFormsLabs.Basics.iOS", "Codenutz.XamarinFormsLabs.Basics\Codenutz.XamarinFormsLabs.Basics.iOS\Codenutz.XamarinFormsLabs.Basics.iOS.csproj", "{E5CCBB9B-8FD3-4750-8425-AF6E48692592}"
EndProject
Project("{FAE04EC0-301F-11D3-BF4B-00C04F79EFBC}") = "Codenutz.XamarinFormsLabs.Basics.Droid", "Codenutz.XamarinFormsLabs.Basics\Codenutz.XamarinFormsLabs.Basics.Droid\Codenutz.XamarinFormsLabs.Basics.Droid.csproj", "{ED2968F0-D821-4E11-A2D6-188640A66C22}"
EndProject
Project("{FAE04EC0-301F-11D3-BF4B-00C04F79EFBC}") = "Codenutz.XamarinFormsLabs.Basics.WinPhone", "Codenutz.XamarinFormsLabs.Basics\Codenutz.XamarinFormsLabs.Basics.WinPhone\Codenutz.XamarinFormsLabs.Basics.WinPhone.csproj", "{D4D4FDB4-14F4-41AB-879D-7040471D399D}"
EndProject
Global
	GlobalSection(SolutionConfigurationPlatforms) = preSolution
		Ad-Hoc|Any CPU = Ad-Hoc|Any CPU
		Ad-Hoc|ARM = Ad-Hoc|ARM
		Ad-Hoc|iPhone = Ad-Hoc|iPhone
		Ad-Hoc|iPhoneSimulator = Ad-Hoc|iPhoneSimulator
		Ad-Hoc|Mixed Platforms = Ad-Hoc|Mixed Platforms
		Ad-Hoc|x86 = Ad-Hoc|x86
		AppStore|Any CPU = AppStore|Any CPU
		AppStore|ARM = AppStore|ARM
		AppStore|iPhone = AppStore|iPhone
		AppStore|iPhoneSimulator = AppStore|iPhoneSimulator
		AppStore|Mixed Platforms = AppStore|Mixed Platforms
		AppStore|x86 = AppStore|x86
		Debug|Any CPU = Debug|Any CPU
		Debug|ARM = Debug|ARM
		Debug|iPhone = Debug|iPhone
		Debug|iPhoneSimulator = Debug|iPhoneSimulator
		Debug|Mixed Platforms = Debug|Mixed Platforms
		Debug|x86 = Debug|x86
		Release|Any CPU = Release|Any CPU
		Release|ARM = Release|ARM
		Release|iPhone = Release|iPhone
		Release|iPhoneSimulator = Release|iPhoneSimulator
		Release|Mixed Platforms = Release|Mixed Platforms
		Release|x86 = Release|x86
	EndGlobalSection
	GlobalSection(ProjectConfigurationPlatforms) = postSolution
		{36B8598F-7C36-4C17-97E3-542D58D9762F}.Ad-Hoc|Any CPU.ActiveCfg = Release|Any CPU
		{36B8598F-7C36-4C17-97E3-542D58D9762F}.Ad-Hoc|Any CPU.Build.0 = Release|Any CPU
		{36B8598F-7C36-4C17-97E3-542D58D9762F}.Ad-Hoc|ARM.ActiveCfg = Release|Any CPU
		{36B8598F-7C36-4C17-97E3-542D58D9762F}.Ad-Hoc|iPhone.ActiveCfg = Release|Any CPU
		{36B8598F-7C36-4C17-97E3-542D58D9762F}.Ad-Hoc|iPhoneSimulator.ActiveCfg = Release|Any CPU
		{36B8598F-7C36-4C17-97E3-542D58D9762F}.Ad-Hoc|Mixed Platforms.ActiveCfg = Release|Any CPU
		{36B8598F-7C36-4C17-97E3-542D58D9762F}.Ad-Hoc|Mixed Platforms.Build.0 = Release|Any CPU
		{36B8598F-7C36-4C17-97E3-542D58D9762F}.Ad-Hoc|x86.ActiveCfg = Release|Any CPU
		{36B8598F-7C36-4C17-97E3-542D58D9762F}.AppStore|Any CPU.ActiveCfg = Release|Any CPU
		{36B8598F-7C36-4C17-97E3-542D58D9762F}.AppStore|Any CPU.Build.0 = Release|Any CPU
		{36B8598F-7C36-4C17-97E3-542D58D9762F}.AppStore|ARM.ActiveCfg = Release|Any CPU
		{36B8598F-7C36-4C17-97E3-542D58D9762F}.AppStore|iPhone.ActiveCfg = Release|Any CPU
		{36B8598F-7C36-4C17-97E3-542D58D9762F}.AppStore|iPhoneSimulator.ActiveCfg = Release|Any CPU
		{36B8598F-7C36-4C17-97E3-542D58D9762F}.AppStore|Mixed Platforms.ActiveCfg = Release|Any CPU
		{36B8598F-7C36-4C17-97E3-542D58D9762F}.AppStore|Mixed Platforms.Build.0 = Release|Any CPU
		{36B8598F-7C36-4C17-97E3-542D58D9762F}.AppStore|x86.ActiveCfg = Release|Any CPU
		{36B8598F-7C36-4C17-97E3-542D58D9762F}.Debug|Any CPU.ActiveCfg = Debug|Any CPU
		{36B8598F-7C36-4C17-97E3-542D58D9762F}.Debug|Any CPU.Build.0 = Debug|Any CPU
		{36B8598F-7C36-4C17-97E3-542D58D9762F}.Debug|ARM.ActiveCfg = Debug|Any CPU
		{36B8598F-7C36-4C17-97E3-542D58D9762F}.Debug|iPhone.ActiveCfg = Debug|Any CPU
		{36B8598F-7C36-4C17-97E3-542D58D9762F}.Debug|iPhoneSimulator.ActiveCfg = Debug|Any CPU
		{36B8598F-7C36-4C17-97E3-542D58D9762F}.Debug|Mixed Platforms.ActiveCfg = Debug|Any CPU
		{36B8598F-7C36-4C17-97E3-542D58D9762F}.Debug|Mixed Platforms.Build.0 = Debug|Any CPU
		{36B8598F-7C36-4C17-97E3-542D58D9762F}.Debug|x86.ActiveCfg = Debug|Any CPU
		{36B8598F-7C36-4C17-97E3-542D58D9762F}.Release|Any CPU.ActiveCfg = Release|Any CPU
		{36B8598F-7C36-4C17-97E3-542D58D9762F}.Release|Any CPU.Build.0 = Release|Any CPU
		{36B8598F-7C36-4C17-97E3-542D58D9762F}.Release|ARM.ActiveCfg = Release|Any CPU
		{36B8598F-7C36-4C17-97E3-542D58D9762F}.Release|iPhone.ActiveCfg = Release|Any CPU
		{36B8598F-7C36-4C17-97E3-542D58D9762F}.Release|iPhoneSimulator.ActiveCfg = Release|Any CPU
		{36B8598F-7C36-4C17-97E3-542D58D9762F}.Release|Mixed Platforms.ActiveCfg = Release|Any CPU
		{36B8598F-7C36-4C17-97E3-542D58D9762F}.Release|Mixed Platforms.Build.0 = Release|Any CPU
		{36B8598F-7C36-4C17-97E3-542D58D9762F}.Release|x86.ActiveCfg = Release|Any CPU
		{E5CCBB9B-8FD3-4750-8425-AF6E48692592}.Ad-Hoc|Any CPU.ActiveCfg = Ad-Hoc|iPhone
		{E5CCBB9B-8FD3-4750-8425-AF6E48692592}.Ad-Hoc|ARM.ActiveCfg = Ad-Hoc|iPhone
		{E5CCBB9B-8FD3-4750-8425-AF6E48692592}.Ad-Hoc|iPhone.ActiveCfg = Ad-Hoc|iPhone
		{E5CCBB9B-8FD3-4750-8425-AF6E48692592}.Ad-Hoc|iPhone.Build.0 = Ad-Hoc|iPhone
		{E5CCBB9B-8FD3-4750-8425-AF6E48692592}.Ad-Hoc|iPhoneSimulator.ActiveCfg = Ad-Hoc|iPhoneSimulator
		{E5CCBB9B-8FD3-4750-8425-AF6E48692592}.Ad-Hoc|iPhoneSimulator.Build.0 = Ad-Hoc|iPhoneSimulator
		{E5CCBB9B-8FD3-4750-8425-AF6E48692592}.Ad-Hoc|Mixed Platforms.ActiveCfg = Ad-Hoc|iPhone
		{E5CCBB9B-8FD3-4750-8425-AF6E48692592}.Ad-Hoc|Mixed Platforms.Build.0 = Ad-Hoc|iPhone
		{E5CCBB9B-8FD3-4750-8425-AF6E48692592}.Ad-Hoc|x86.ActiveCfg = Ad-Hoc|iPhone
		{E5CCBB9B-8FD3-4750-8425-AF6E48692592}.AppStore|Any CPU.ActiveCfg = AppStore|iPhone
		{E5CCBB9B-8FD3-4750-8425-AF6E48692592}.AppStore|ARM.ActiveCfg = AppStore|iPhone
		{E5CCBB9B-8FD3-4750-8425-AF6E48692592}.AppStore|iPhone.ActiveCfg = AppStore|iPhone
		{E5CCBB9B-8FD3-4750-8425-AF6E48692592}.AppStore|iPhone.Build.0 = AppStore|iPhone
		{E5CCBB9B-8FD3-4750-8425-AF6E48692592}.AppStore|iPhoneSimulator.ActiveCfg = AppStore|iPhoneSimulator
		{E5CCBB9B-8FD3-4750-8425-AF6E48692592}.AppStore|iPhoneSimulator.Build.0 = AppStore|iPhoneSimulator
		{E5CCBB9B-8FD3-4750-8425-AF6E48692592}.AppStore|Mixed Platforms.ActiveCfg = AppStore|iPhone
		{E5CCBB9B-8FD3-4750-8425-AF6E48692592}.AppStore|Mixed Platforms.Build.0 = AppStore|iPhone
		{E5CCBB9B-8FD3-4750-8425-AF6E48692592}.AppStore|x86.ActiveCfg = AppStore|iPhone
		{E5CCBB9B-8FD3-4750-8425-AF6E48692592}.Debug|Any CPU.ActiveCfg = Debug|iPhone
		{E5CCBB9B-8FD3-4750-8425-AF6E48692592}.Debug|ARM.ActiveCfg = Debug|iPhone
		{E5CCBB9B-8FD3-4750-8425-AF6E48692592}.Debug|iPhone.ActiveCfg = Debug|iPhone
		{E5CCBB9B-8FD3-4750-8425-AF6E48692592}.Debug|iPhone.Build.0 = Debug|iPhone
		{E5CCBB9B-8FD3-4750-8425-AF6E48692592}.Debug|iPhoneSimulator.ActiveCfg = Debug|iPhoneSimulator
		{E5CCBB9B-8FD3-4750-8425-AF6E48692592}.Debug|iPhoneSimulator.Build.0 = Debug|iPhoneSimulator
		{E5CCBB9B-8FD3-4750-8425-AF6E48692592}.Debug|Mixed Platforms.ActiveCfg = Debug|iPhone
		{E5CCBB9B-8FD3-4750-8425-AF6E48692592}.Debug|Mixed Platforms.Build.0 = Debug|iPhone
		{E5CCBB9B-8FD3-4750-8425-AF6E48692592}.Debug|x86.ActiveCfg = Debug|iPhone
		{E5CCBB9B-8FD3-4750-8425-AF6E48692592}.Release|Any CPU.ActiveCfg = Release|iPhone
		{E5CCBB9B-8FD3-4750-8425-AF6E48692592}.Release|ARM.ActiveCfg = Release|iPhone
		{E5CCBB9B-8FD3-4750-8425-AF6E48692592}.Release|iPhone.ActiveCfg = Release|iPhone
		{E5CCBB9B-8FD3-4750-8425-AF6E48692592}.Release|iPhone.Build.0 = Release|iPhone
		{E5CCBB9B-8FD3-4750-8425-AF6E48692592}.Release|iPhoneSimulator.ActiveCfg = Release|iPhoneSimulator
		{E5CCBB9B-8FD3-4750-8425-AF6E48692592}.Release|iPhoneSimulator.Build.0 = Release|iPhoneSimulator
		{E5CCBB9B-8FD3-4750-8425-AF6E48692592}.Release|Mixed Platforms.ActiveCfg = Release|iPhone
		{E5CCBB9B-8FD3-4750-8425-AF6E48692592}.Release|Mixed Platforms.Build.0 = Release|iPhone
		{E5CCBB9B-8FD3-4750-8425-AF6E48692592}.Release|x86.ActiveCfg = Release|iPhone
		{ED2968F0-D821-4E11-A2D6-188640A66C22}.Ad-Hoc|Any CPU.ActiveCfg = Release|Any CPU
		{ED2968F0-D821-4E11-A2D6-188640A66C22}.Ad-Hoc|Any CPU.Build.0 = Release|Any CPU
		{ED2968F0-D821-4E11-A2D6-188640A66C22}.Ad-Hoc|Any CPU.Deploy.0 = Release|Any CPU
		{ED2968F0-D821-4E11-A2D6-188640A66C22}.Ad-Hoc|ARM.ActiveCfg = Release|Any CPU
		{ED2968F0-D821-4E11-A2D6-188640A66C22}.Ad-Hoc|iPhone.ActiveCfg = Release|Any CPU
		{ED2968F0-D821-4E11-A2D6-188640A66C22}.Ad-Hoc|iPhoneSimulator.ActiveCfg = Release|Any CPU
		{ED2968F0-D821-4E11-A2D6-188640A66C22}.Ad-Hoc|Mixed Platforms.ActiveCfg = Release|Any CPU
		{ED2968F0-D821-4E11-A2D6-188640A66C22}.Ad-Hoc|Mixed Platforms.Build.0 = Release|Any CPU
		{ED2968F0-D821-4E11-A2D6-188640A66C22}.Ad-Hoc|Mixed Platforms.Deploy.0 = Release|Any CPU
		{ED2968F0-D821-4E11-A2D6-188640A66C22}.Ad-Hoc|x86.ActiveCfg = Release|Any CPU
		{ED2968F0-D821-4E11-A2D6-188640A66C22}.AppStore|Any CPU.ActiveCfg = Release|Any CPU
		{ED2968F0-D821-4E11-A2D6-188640A66C22}.AppStore|Any CPU.Build.0 = Release|Any CPU
		{ED2968F0-D821-4E11-A2D6-188640A66C22}.AppStore|Any CPU.Deploy.0 = Release|Any CPU
		{ED2968F0-D821-4E11-A2D6-188640A66C22}.AppStore|ARM.ActiveCfg = Release|Any CPU
		{ED2968F0-D821-4E11-A2D6-188640A66C22}.AppStore|iPhone.ActiveCfg = Release|Any CPU
		{ED2968F0-D821-4E11-A2D6-188640A66C22}.AppStore|iPhoneSimulator.ActiveCfg = Release|Any CPU
		{ED2968F0-D821-4E11-A2D6-188640A66C22}.AppStore|Mixed Platforms.ActiveCfg = Release|Any CPU
		{ED2968F0-D821-4E11-A2D6-188640A66C22}.AppStore|Mixed Platforms.Build.0 = Release|Any CPU
		{ED2968F0-D821-4E11-A2D6-188640A66C22}.AppStore|Mixed Platforms.Deploy.0 = Release|Any CPU
		{ED2968F0-D821-4E11-A2D6-188640A66C22}.AppStore|x86.ActiveCfg = Release|Any CPU
		{ED2968F0-D821-4E11-A2D6-188640A66C22}.Debug|Any CPU.ActiveCfg = Debug|Any CPU
		{ED2968F0-D821-4E11-A2D6-188640A66C22}.Debug|Any CPU.Build.0 = Debug|Any CPU
		{ED2968F0-D821-4E11-A2D6-188640A66C22}.Debug|Any CPU.Deploy.0 = Debug|Any CPU
		{ED2968F0-D821-4E11-A2D6-188640A66C22}.Debug|ARM.ActiveCfg = Debug|Any CPU
		{ED2968F0-D821-4E11-A2D6-188640A66C22}.Debug|iPhone.ActiveCfg = Debug|Any CPU
		{ED2968F0-D821-4E11-A2D6-188640A66C22}.Debug|iPhoneSimulator.ActiveCfg = Debug|Any CPU
		{ED2968F0-D821-4E11-A2D6-188640A66C22}.Debug|Mixed Platforms.ActiveCfg = Debug|Any CPU
		{ED2968F0-D821-4E11-A2D6-188640A66C22}.Debug|Mixed Platforms.Build.0 = Debug|Any CPU
		{ED2968F0-D821-4E11-A2D6-188640A66C22}.Debug|Mixed Platforms.Deploy.0 = Debug|Any CPU
		{ED2968F0-D821-4E11-A2D6-188640A66C22}.Debug|x86.ActiveCfg = Debug|Any CPU
		{ED2968F0-D821-4E11-A2D6-188640A66C22}.Release|Any CPU.ActiveCfg = Release|Any CPU
		{ED2968F0-D821-4E11-A2D6-188640A66C22}.Release|Any CPU.Build.0 = Release|Any CPU
		{ED2968F0-D821-4E11-A2D6-188640A66C22}.Release|Any CPU.Deploy.0 = Release|Any CPU
		{ED2968F0-D821-4E11-A2D6-188640A66C22}.Release|ARM.ActiveCfg = Release|Any CPU
		{ED2968F0-D821-4E11-A2D6-188640A66C22}.Release|iPhone.ActiveCfg = Release|Any CPU
		{ED2968F0-D821-4E11-A2D6-188640A66C22}.Release|iPhoneSimulator.ActiveCfg = Release|Any CPU
		{ED2968F0-D821-4E11-A2D6-188640A66C22}.Release|Mixed Platforms.ActiveCfg = Release|Any CPU
		{ED2968F0-D821-4E11-A2D6-188640A66C22}.Release|Mixed Platforms.Build.0 = Release|Any CPU
		{ED2968F0-D821-4E11-A2D6-188640A66C22}.Release|Mixed Platforms.Deploy.0 = Release|Any CPU
		{ED2968F0-D821-4E11-A2D6-188640A66C22}.Release|x86.ActiveCfg = Release|Any CPU
		{D4D4FDB4-14F4-41AB-879D-7040471D399D}.Ad-Hoc|Any CPU.ActiveCfg = Release|Any CPU
		{D4D4FDB4-14F4-41AB-879D-7040471D399D}.Ad-Hoc|Any CPU.Build.0 = Release|Any CPU
		{D4D4FDB4-14F4-41AB-879D-7040471D399D}.Ad-Hoc|Any CPU.Deploy.0 = Release|Any CPU
		{D4D4FDB4-14F4-41AB-879D-7040471D399D}.Ad-Hoc|ARM.ActiveCfg = Release|ARM
		{D4D4FDB4-14F4-41AB-879D-7040471D399D}.Ad-Hoc|ARM.Build.0 = Release|ARM
		{D4D4FDB4-14F4-41AB-879D-7040471D399D}.Ad-Hoc|ARM.Deploy.0 = Release|ARM
		{D4D4FDB4-14F4-41AB-879D-7040471D399D}.Ad-Hoc|iPhone.ActiveCfg = Release|Any CPU
		{D4D4FDB4-14F4-41AB-879D-7040471D399D}.Ad-Hoc|iPhoneSimulator.ActiveCfg = Release|Any CPU
		{D4D4FDB4-14F4-41AB-879D-7040471D399D}.Ad-Hoc|Mixed Platforms.ActiveCfg = Release|x86
		{D4D4FDB4-14F4-41AB-879D-7040471D399D}.Ad-Hoc|Mixed Platforms.Build.0 = Release|x86
		{D4D4FDB4-14F4-41AB-879D-7040471D399D}.Ad-Hoc|Mixed Platforms.Deploy.0 = Release|x86
		{D4D4FDB4-14F4-41AB-879D-7040471D399D}.Ad-Hoc|x86.ActiveCfg = Release|x86
		{D4D4FDB4-14F4-41AB-879D-7040471D399D}.Ad-Hoc|x86.Build.0 = Release|x86
		{D4D4FDB4-14F4-41AB-879D-7040471D399D}.Ad-Hoc|x86.Deploy.0 = Release|x86
		{D4D4FDB4-14F4-41AB-879D-7040471D399D}.AppStore|Any CPU.ActiveCfg = Release|Any CPU
		{D4D4FDB4-14F4-41AB-879D-7040471D399D}.AppStore|Any CPU.Build.0 = Release|Any CPU
		{D4D4FDB4-14F4-41AB-879D-7040471D399D}.AppStore|Any CPU.Deploy.0 = Release|Any CPU
		{D4D4FDB4-14F4-41AB-879D-7040471D399D}.AppStore|ARM.ActiveCfg = Release|ARM
		{D4D4FDB4-14F4-41AB-879D-7040471D399D}.AppStore|ARM.Build.0 = Release|ARM
		{D4D4FDB4-14F4-41AB-879D-7040471D399D}.AppStore|ARM.Deploy.0 = Release|ARM
		{D4D4FDB4-14F4-41AB-879D-7040471D399D}.AppStore|iPhone.ActiveCfg = Release|Any CPU
		{D4D4FDB4-14F4-41AB-879D-7040471D399D}.AppStore|iPhoneSimulator.ActiveCfg = Release|Any CPU
		{D4D4FDB4-14F4-41AB-879D-7040471D399D}.AppStore|Mixed Platforms.ActiveCfg = Release|x86
		{D4D4FDB4-14F4-41AB-879D-7040471D399D}.AppStore|Mixed Platforms.Build.0 = Release|x86
		{D4D4FDB4-14F4-41AB-879D-7040471D399D}.AppStore|Mixed Platforms.Deploy.0 = Release|x86
		{D4D4FDB4-14F4-41AB-879D-7040471D399D}.AppStore|x86.ActiveCfg = Release|x86
		{D4D4FDB4-14F4-41AB-879D-7040471D399D}.AppStore|x86.Build.0 = Release|x86
		{D4D4FDB4-14F4-41AB-879D-7040471D399D}.AppStore|x86.Deploy.0 = Release|x86
		{D4D4FDB4-14F4-41AB-879D-7040471D399D}.Debug|Any CPU.ActiveCfg = Debug|Any CPU
		{D4D4FDB4-14F4-41AB-879D-7040471D399D}.Debug|Any CPU.Build.0 = Debug|Any CPU
		{D4D4FDB4-14F4-41AB-879D-7040471D399D}.Debug|Any CPU.Deploy.0 = Debug|Any CPU
		{D4D4FDB4-14F4-41AB-879D-7040471D399D}.Debug|ARM.ActiveCfg = Debug|ARM
		{D4D4FDB4-14F4-41AB-879D-7040471D399D}.Debug|ARM.Build.0 = Debug|ARM
		{D4D4FDB4-14F4-41AB-879D-7040471D399D}.Debug|ARM.Deploy.0 = Debug|ARM
		{D4D4FDB4-14F4-41AB-879D-7040471D399D}.Debug|iPhone.ActiveCfg = Debug|Any CPU
		{D4D4FDB4-14F4-41AB-879D-7040471D399D}.Debug|iPhoneSimulator.ActiveCfg = Debug|Any CPU
		{D4D4FDB4-14F4-41AB-879D-7040471D399D}.Debug|Mixed Platforms.ActiveCfg = Debug|x86
		{D4D4FDB4-14F4-41AB-879D-7040471D399D}.Debug|Mixed Platforms.Build.0 = Debug|x86
		{D4D4FDB4-14F4-41AB-879D-7040471D399D}.Debug|Mixed Platforms.Deploy.0 = Debug|x86
		{D4D4FDB4-14F4-41AB-879D-7040471D399D}.Debug|x86.ActiveCfg = Debug|x86
		{D4D4FDB4-14F4-41AB-879D-7040471D399D}.Debug|x86.Build.0 = Debug|x86
		{D4D4FDB4-14F4-41AB-879D-7040471D399D}.Debug|x86.Deploy.0 = Debug|x86
		{D4D4FDB4-14F4-41AB-879D-7040471D399D}.Release|Any CPU.ActiveCfg = Release|Any CPU
		{D4D4FDB4-14F4-41AB-879D-7040471D399D}.Release|Any CPU.Build.0 = Release|Any CPU
		{D4D4FDB4-14F4-41AB-879D-7040471D399D}.Release|Any CPU.Deploy.0 = Release|Any CPU
		{D4D4FDB4-14F4-41AB-879D-7040471D399D}.Release|ARM.ActiveCfg = Release|ARM
		{D4D4FDB4-14F4-41AB-879D-7040471D399D}.Release|ARM.Build.0 = Release|ARM
		{D4D4FDB4-14F4-41AB-879D-7040471D399D}.Release|ARM.Deploy.0 = Release|ARM
		{D4D4FDB4-14F4-41AB-879D-7040471D399D}.Release|iPhone.ActiveCfg = Release|Any CPU
		{D4D4FDB4-14F4-41AB-879D-7040471D399D}.Release|iPhoneSimulator.ActiveCfg = Release|Any CPU
		{D4D4FDB4-14F4-41AB-879D-7040471D399D}.Release|Mixed Platforms.ActiveCfg = Release|x86
		{D4D4FDB4-14F4-41AB-879D-7040471D399D}.Release|Mixed Platforms.Build.0 = Release|x86
		{D4D4FDB4-14F4-41AB-879D-7040471D399D}.Release|Mixed Platforms.Deploy.0 = Release|x86
		{D4D4FDB4-14F4-41AB-879D-7040471D399D}.Release|x86.ActiveCfg = Release|x86
		{D4D4FDB4-14F4-41AB-879D-7040471D399D}.Release|x86.Build.0 = Release|x86
		{D4D4FDB4-14F4-41AB-879D-7040471D399D}.Release|x86.Deploy.0 = Release|x86
	EndGlobalSection
	GlobalSection(SolutionProperties) = preSolution
		HideSolutionNode = FALSE
	EndGlobalSection
EndGlobal
